
Microsoft Visual Studio Solution File, Format Version 12.00
# Visual Studio Version 17
VisualStudioVersion = 17.5.33516.290
MinimumVisualStudioVersion = 10.0.40219.1
Project("{9A19103F-16F7-4668-BE54-9A1E7A4F7556}") = "AuthAPI", "AuthAPI\AuthAPI.csproj", "{5D304420-14F6-4061-BE91-62C2E58347B9}"
EndProject
Global
	GlobalSection(SolutionConfigurationPlatforms) = preSolution
		Debug|Any CPU = Debug|Any CPU
		Release|Any CPU = Release|Any CPU
	EndGlobalSection
	GlobalSection(ProjectConfigurationPlatforms) = postSolution
		{5D304420-14F6-4061-BE91-62C2E58347B9}.Debug|Any CPU.ActiveCfg = Debug|Any CPU
		{5D304420-14F6-4061-BE91-62C2E58347B9}.Debug|Any CPU.Build.0 = Debug|Any CPU
		{5D304420-14F6-4061-BE91-62C2E58347B9}.Release|Any CPU.ActiveCfg = Release|Any CPU
		{5D304420-14F6-4061-BE91-62C2E58347B9}.Release|Any CPU.Build.0 = Release|Any CPU
	EndGlobalSection
	GlobalSection(SolutionProperties) = preSolution
		HideSolutionNode = FALSE
	EndGlobalSection
	GlobalSection(ExtensibilityGlobals) = postSolution
		SolutionGuid = {920A2739-CBDF-4537-9FFC-3D86F203C28D}
	EndGlobalSection
EndGlobal
